
Microsoft Visual Studio Solution File, Format Version 11.00
# Visual Studio 2010
Project("{FAE04EC0-301F-11D3-BF4B-00C04F79EFBC}") = "CloudSoft.Extensions", "CloudSoft.Extensions\CloudSoft.Extensions.csproj", "{4AC554CD-677F-47E6-B8AA-47E05CCBC4C1}"
EndProject
Global
	GlobalSection(SolutionConfigurationPlatforms) = preSolution
		Debug|Any CPU = Debug|Any CPU
		Release|Any CPU = Release|Any CPU
	EndGlobalSection
	GlobalSection(ProjectConfigurationPlatforms) = postSolution
		{4AC554CD-677F-47E6-B8AA-47E05CCBC4C1}.Debug|Any CPU.ActiveCfg = Debug|Any CPU
		{4AC554CD-677F-47E6-B8AA-47E05CCBC4C1}.Debug|Any CPU.Build.0 = Debug|Any CPU
		{4AC554CD-677F-47E6-B8AA-47E05CCBC4C1}.Release|Any CPU.ActiveCfg = Release|Any CPU
		{4AC554CD-677F-47E6-B8AA-47E05CCBC4C1}.Release|Any CPU.Build.0 = Release|Any CPU
	EndGlobalSection
	GlobalSection(SolutionProperties) = preSolution
		HideSolutionNode = FALSE
	EndGlobalSection
EndGlobal
